
Microsoft Visual Studio Solution File, Format Version 12.00
# Visual Studio Version 17
VisualStudioVersion = 17.3.32819.101
MinimumVisualStudioVersion = 10.0.40219.1
Project("{FAE04EC0-301F-11D3-BF4B-00C04F79EFBC}") = "CompanyEmployees", "CompanyEmployees\CompanyEmployees.csproj", "{D89B2059-07A7-4B7A-A7CA-01DCE976CF05}"
EndProject
Project("{FAE04EC0-301F-11D3-BF4B-00C04F79EFBC}") = "Contracts", "Contracts\Contracts.csproj", "{F7C8E94C-122F-45FB-8C11-B704E756FCF5}"
EndProject
Project("{FAE04EC0-301F-11D3-BF4B-00C04F79EFBC}") = "LoggerService", "LoggerService\LoggerService.csproj", "{45466067-BC74-4F4E-BD7E-67E4129B9D5B}"
EndProject
Project("{FAE04EC0-301F-11D3-BF4B-00C04F79EFBC}") = "Entities", "Entities\Entities.csproj", "{C945562A-5383-4973-929F-F1044A855B67}"
EndProject
Project("{FAE04EC0-301F-11D3-BF4B-00C04F79EFBC}") = "Repository", "Repository\Repository.csproj", "{890A4D31-3D57-41B7-9093-DF7C989BE244}"
EndProject
Global
	GlobalSection(SolutionConfigurationPlatforms) = preSolution
		Debug|Any CPU = Debug|Any CPU
		Release|Any CPU = Release|Any CPU
	EndGlobalSection
	GlobalSection(ProjectConfigurationPlatforms) = postSolution
		{D89B2059-07A7-4B7A-A7CA-01DCE976CF05}.Debug|Any CPU.ActiveCfg = Debug|Any CPU
		{D89B2059-07A7-4B7A-A7CA-01DCE976CF05}.Debug|Any CPU.Build.0 = Debug|Any CPU
		{D89B2059-07A7-4B7A-A7CA-01DCE976CF05}.Release|Any CPU.ActiveCfg = Release|Any CPU
		{D89B2059-07A7-4B7A-A7CA-01DCE976CF05}.Release|Any CPU.Build.0 = Release|Any CPU
		{F7C8E94C-122F-45FB-8C11-B704E756FCF5}.Debug|Any CPU.ActiveCfg = Debug|Any CPU
		{F7C8E94C-122F-45FB-8C11-B704E756FCF5}.Debug|Any CPU.Build.0 = Debug|Any CPU
		{F7C8E94C-122F-45FB-8C11-B704E756FCF5}.Release|Any CPU.ActiveCfg = Release|Any CPU
		{F7C8E94C-122F-45FB-8C11-B704E756FCF5}.Release|Any CPU.Build.0 = Release|Any CPU
		{45466067-BC74-4F4E-BD7E-67E4129B9D5B}.Debug|Any CPU.ActiveCfg = Debug|Any CPU
		{45466067-BC74-4F4E-BD7E-67E4129B9D5B}.Debug|Any CPU.Build.0 = Debug|Any CPU
		{45466067-BC74-4F4E-BD7E-67E4129B9D5B}.Release|Any CPU.ActiveCfg = Release|Any CPU
		{45466067-BC74-4F4E-BD7E-67E4129B9D5B}.Release|Any CPU.Build.0 = Release|Any CPU
		{C945562A-5383-4973-929F-F1044A855B67}.Debug|Any CPU.ActiveCfg = Debug|Any CPU
		{C945562A-5383-4973-929F-F1044A855B67}.Debug|Any CPU.Build.0 = Debug|Any CPU
		{C945562A-5383-4973-929F-F1044A855B67}.Release|Any CPU.ActiveCfg = Release|Any CPU
		{C945562A-5383-4973-929F-F1044A855B67}.Release|Any CPU.Build.0 = Release|Any CPU
		{890A4D31-3D57-41B7-9093-DF7C989BE244}.Debug|Any CPU.ActiveCfg = Debug|Any CPU
		{890A4D31-3D57-41B7-9093-DF7C989BE244}.Debug|Any CPU.Build.0 = Debug|Any CPU
		{890A4D31-3D57-41B7-9093-DF7C989BE244}.Release|Any CPU.ActiveCfg = Release|Any CPU
		{890A4D31-3D57-41B7-9093-DF7C989BE244}.Release|Any CPU.Build.0 = Release|Any CPU
	EndGlobalSection
	GlobalSection(SolutionProperties) = preSolution
		HideSolutionNode = FALSE
	EndGlobalSection
	GlobalSection(ExtensibilityGlobals) = postSolution
		SolutionGuid = {EAA6C19D-090C-484B-BD04-3C2F05B26DB8}
	EndGlobalSection
EndGlobal
